
Microsoft Visual Studio Solution File, Format Version 12.00
# Visual Studio Version 16
VisualStudioVersion = 16.0.29102.190
MinimumVisualStudioVersion = 10.0.40219.1
Project("{FAE04EC0-301F-11D3-BF4B-00C04F79EFBC}") = "MatrizArray", "MatrizArray\MatrizArray.csproj", "{B16AEF25-C63D-442A-BEB4-F8E73A8F4167}"
EndProject
Global
	GlobalSection(SolutionConfigurationPlatforms) = preSolution
		Debug|Any CPU = Debug|Any CPU
		Release|Any CPU = Release|Any CPU
	EndGlobalSection
	GlobalSection(ProjectConfigurationPlatforms) = postSolution
		{B16AEF25-C63D-442A-BEB4-F8E73A8F4167}.Debug|Any CPU.ActiveCfg = Debug|Any CPU
		{B16AEF25-C63D-442A-BEB4-F8E73A8F4167}.Debug|Any CPU.Build.0 = Debug|Any CPU
		{B16AEF25-C63D-442A-BEB4-F8E73A8F4167}.Release|Any CPU.ActiveCfg = Release|Any CPU
		{B16AEF25-C63D-442A-BEB4-F8E73A8F4167}.Release|Any CPU.Build.0 = Release|Any CPU
	EndGlobalSection
	GlobalSection(SolutionProperties) = preSolution
		HideSolutionNode = FALSE
	EndGlobalSection
	GlobalSection(ExtensibilityGlobals) = postSolution
		SolutionGuid = {4039816C-B9A0-40B0-9969-6904EFF4C4B6}
	EndGlobalSection
EndGlobal
