
Microsoft Visual Studio Solution File, Format Version 12.00
# Visual Studio Version 16
VisualStudioVersion = 16.0.29230.47
MinimumVisualStudioVersion = 10.0.40219.1
Project("{FAE04EC0-301F-11D3-BF4B-00C04F79EFBC}") = "Apivendas", "Apivendas\Apivendas.csproj", "{7F0D7296-D168-44DB-9FC2-775073960334}"
EndProject
Global
	GlobalSection(SolutionConfigurationPlatforms) = preSolution
		Debug|Any CPU = Debug|Any CPU
		Release|Any CPU = Release|Any CPU
	EndGlobalSection
	GlobalSection(ProjectConfigurationPlatforms) = postSolution
		{7F0D7296-D168-44DB-9FC2-775073960334}.Debug|Any CPU.ActiveCfg = Debug|Any CPU
		{7F0D7296-D168-44DB-9FC2-775073960334}.Debug|Any CPU.Build.0 = Debug|Any CPU
		{7F0D7296-D168-44DB-9FC2-775073960334}.Release|Any CPU.ActiveCfg = Release|Any CPU
		{7F0D7296-D168-44DB-9FC2-775073960334}.Release|Any CPU.Build.0 = Release|Any CPU
	EndGlobalSection
	GlobalSection(SolutionProperties) = preSolution
		HideSolutionNode = FALSE
	EndGlobalSection
	GlobalSection(ExtensibilityGlobals) = postSolution
		SolutionGuid = {326F23C2-341D-48CB-A055-F83123BFA2F4}
	EndGlobalSection
EndGlobal
