
Microsoft Visual Studio Solution File, Format Version 12.00
# Visual Studio Version 16
VisualStudioVersion = 16.0.29102.190
MinimumVisualStudioVersion = 10.0.40219.1
Project("{FAE04EC0-301F-11D3-BF4B-00C04F79EFBC}") = "ForeachNaListaConverterMoedas", "ForeachNaLista\ForeachNaListaConverterMoedas.csproj", "{D740793F-D4B2-4D33-A12A-49BEF410A57C}"
EndProject
Project("{FAE04EC0-301F-11D3-BF4B-00C04F79EFBC}") = "MetodosPublicos", "MetodosPublicos\MetodosPublicos.csproj", "{277636C9-EF3B-4BFB-9635-B5C15C426E8D}"
EndProject
Project("{FAE04EC0-301F-11D3-BF4B-00C04F79EFBC}") = "ConversorMonetartio", "ConversorMonetartio\ConversorMonetartio.csproj", "{6FDCA8E7-917A-43D1-9E27-43E13F157969}"
EndProject
Project("{FAE04EC0-301F-11D3-BF4B-00C04F79EFBC}") = "conversorSIS", "conversorSIS\conversorSIS.csproj", "{60C8A57A-3D2B-4331-9C7F-C9B2AC17F2DE}"
EndProject
Project("{FAE04EC0-301F-11D3-BF4B-00C04F79EFBC}") = "desenho", "desenho\desenho.csproj", "{6A51B137-079B-465E-A627-034EFD695FCC}"
EndProject
Global
	GlobalSection(SolutionConfigurationPlatforms) = preSolution
		Debug|Any CPU = Debug|Any CPU
		Release|Any CPU = Release|Any CPU
	EndGlobalSection
	GlobalSection(ProjectConfigurationPlatforms) = postSolution
		{D740793F-D4B2-4D33-A12A-49BEF410A57C}.Debug|Any CPU.ActiveCfg = Debug|Any CPU
		{D740793F-D4B2-4D33-A12A-49BEF410A57C}.Debug|Any CPU.Build.0 = Debug|Any CPU
		{D740793F-D4B2-4D33-A12A-49BEF410A57C}.Release|Any CPU.ActiveCfg = Release|Any CPU
		{D740793F-D4B2-4D33-A12A-49BEF410A57C}.Release|Any CPU.Build.0 = Release|Any CPU
		{277636C9-EF3B-4BFB-9635-B5C15C426E8D}.Debug|Any CPU.ActiveCfg = Debug|Any CPU
		{277636C9-EF3B-4BFB-9635-B5C15C426E8D}.Debug|Any CPU.Build.0 = Debug|Any CPU
		{277636C9-EF3B-4BFB-9635-B5C15C426E8D}.Release|Any CPU.ActiveCfg = Release|Any CPU
		{277636C9-EF3B-4BFB-9635-B5C15C426E8D}.Release|Any CPU.Build.0 = Release|Any CPU
		{6FDCA8E7-917A-43D1-9E27-43E13F157969}.Debug|Any CPU.ActiveCfg = Debug|Any CPU
		{6FDCA8E7-917A-43D1-9E27-43E13F157969}.Debug|Any CPU.Build.0 = Debug|Any CPU
		{6FDCA8E7-917A-43D1-9E27-43E13F157969}.Release|Any CPU.ActiveCfg = Release|Any CPU
		{6FDCA8E7-917A-43D1-9E27-43E13F157969}.Release|Any CPU.Build.0 = Release|Any CPU
		{60C8A57A-3D2B-4331-9C7F-C9B2AC17F2DE}.Debug|Any CPU.ActiveCfg = Debug|Any CPU
		{60C8A57A-3D2B-4331-9C7F-C9B2AC17F2DE}.Debug|Any CPU.Build.0 = Debug|Any CPU
		{60C8A57A-3D2B-4331-9C7F-C9B2AC17F2DE}.Release|Any CPU.ActiveCfg = Release|Any CPU
		{60C8A57A-3D2B-4331-9C7F-C9B2AC17F2DE}.Release|Any CPU.Build.0 = Release|Any CPU
		{6A51B137-079B-465E-A627-034EFD695FCC}.Debug|Any CPU.ActiveCfg = Debug|Any CPU
		{6A51B137-079B-465E-A627-034EFD695FCC}.Debug|Any CPU.Build.0 = Debug|Any CPU
		{6A51B137-079B-465E-A627-034EFD695FCC}.Release|Any CPU.ActiveCfg = Release|Any CPU
		{6A51B137-079B-465E-A627-034EFD695FCC}.Release|Any CPU.Build.0 = Release|Any CPU
	EndGlobalSection
	GlobalSection(SolutionProperties) = preSolution
		HideSolutionNode = FALSE
	EndGlobalSection
	GlobalSection(ExtensibilityGlobals) = postSolution
		SolutionGuid = {0B347DC5-BD19-4EF6-A4DA-302B657735FD}
	EndGlobalSection
EndGlobal
