
Microsoft Visual Studio Solution File, Format Version 12.00
# Visual Studio Version 16
VisualStudioVersion = 16.0.29230.47
MinimumVisualStudioVersion = 10.0.40219.1
Project("{FAE04EC0-301F-11D3-BF4B-00C04F79EFBC}") = "CatalogoCelulares", "CatalogoCelulares\CatalogoCelulares.csproj", "{F26652F4-0940-438E-9BFB-1BDA8FC81AF1}"
EndProject
Project("{FAE04EC0-301F-11D3-BF4B-00C04F79EFBC}") = "CellDu", "CellDu\CellDu.csproj", "{35CDA8AF-A812-4BAD-8D79-5D3C33368E2C}"
EndProject
Global
	GlobalSection(SolutionConfigurationPlatforms) = preSolution
		Debug|Any CPU = Debug|Any CPU
		Release|Any CPU = Release|Any CPU
	EndGlobalSection
	GlobalSection(ProjectConfigurationPlatforms) = postSolution
		{F26652F4-0940-438E-9BFB-1BDA8FC81AF1}.Debug|Any CPU.ActiveCfg = Debug|Any CPU
		{F26652F4-0940-438E-9BFB-1BDA8FC81AF1}.Debug|Any CPU.Build.0 = Debug|Any CPU
		{F26652F4-0940-438E-9BFB-1BDA8FC81AF1}.Release|Any CPU.ActiveCfg = Release|Any CPU
		{F26652F4-0940-438E-9BFB-1BDA8FC81AF1}.Release|Any CPU.Build.0 = Release|Any CPU
		{35CDA8AF-A812-4BAD-8D79-5D3C33368E2C}.Debug|Any CPU.ActiveCfg = Debug|Any CPU
		{35CDA8AF-A812-4BAD-8D79-5D3C33368E2C}.Debug|Any CPU.Build.0 = Debug|Any CPU
		{35CDA8AF-A812-4BAD-8D79-5D3C33368E2C}.Release|Any CPU.ActiveCfg = Release|Any CPU
		{35CDA8AF-A812-4BAD-8D79-5D3C33368E2C}.Release|Any CPU.Build.0 = Release|Any CPU
	EndGlobalSection
	GlobalSection(SolutionProperties) = preSolution
		HideSolutionNode = FALSE
	EndGlobalSection
	GlobalSection(ExtensibilityGlobals) = postSolution
		SolutionGuid = {54BC5CC2-E376-4740-A2EF-B86E8A402A7D}
	EndGlobalSection
EndGlobal
