
Microsoft Visual Studio Solution File, Format Version 12.00
# Visual Studio Version 16
VisualStudioVersion = 16.0.29230.47
MinimumVisualStudioVersion = 10.0.40219.1
Project("{FAE04EC0-301F-11D3-BF4B-00C04F79EFBC}") = "ListagemDeNomes", "ListagemDeNomes\ListagemDeNomes.csproj", "{4510E15B-7C3D-4845-AA66-5DF9A4F8890A}"
EndProject
Project("{FAE04EC0-301F-11D3-BF4B-00C04F79EFBC}") = "lListaNomes", "lListaNomes\lListaNomes.csproj", "{EB763612-8D3F-4E7D-B2AA-CB235DB5FC9D}"
EndProject
Global
	GlobalSection(SolutionConfigurationPlatforms) = preSolution
		Debug|Any CPU = Debug|Any CPU
		Release|Any CPU = Release|Any CPU
	EndGlobalSection
	GlobalSection(ProjectConfigurationPlatforms) = postSolution
		{4510E15B-7C3D-4845-AA66-5DF9A4F8890A}.Debug|Any CPU.ActiveCfg = Debug|Any CPU
		{4510E15B-7C3D-4845-AA66-5DF9A4F8890A}.Debug|Any CPU.Build.0 = Debug|Any CPU
		{4510E15B-7C3D-4845-AA66-5DF9A4F8890A}.Release|Any CPU.ActiveCfg = Release|Any CPU
		{4510E15B-7C3D-4845-AA66-5DF9A4F8890A}.Release|Any CPU.Build.0 = Release|Any CPU
		{EB763612-8D3F-4E7D-B2AA-CB235DB5FC9D}.Debug|Any CPU.ActiveCfg = Debug|Any CPU
		{EB763612-8D3F-4E7D-B2AA-CB235DB5FC9D}.Debug|Any CPU.Build.0 = Debug|Any CPU
		{EB763612-8D3F-4E7D-B2AA-CB235DB5FC9D}.Release|Any CPU.ActiveCfg = Release|Any CPU
		{EB763612-8D3F-4E7D-B2AA-CB235DB5FC9D}.Release|Any CPU.Build.0 = Release|Any CPU
	EndGlobalSection
	GlobalSection(SolutionProperties) = preSolution
		HideSolutionNode = FALSE
	EndGlobalSection
	GlobalSection(ExtensibilityGlobals) = postSolution
		SolutionGuid = {3A51CDCF-B98B-4E0D-B57C-85EE6ADBC225}
	EndGlobalSection
EndGlobal
