
Microsoft Visual Studio Solution File, Format Version 12.00
# Visual Studio Version 16
VisualStudioVersion = 16.0.29230.47
MinimumVisualStudioVersion = 10.0.40219.1
Project("{FAE04EC0-301F-11D3-BF4B-00C04F79EFBC}") = "SistemaRelatorioCarros", "SistemaRelatorioCarros\SistemaRelatorioCarros.csproj", "{3DCCB06B-6843-456E-9974-CD86062E4FA8}"
EndProject
Project("{FAE04EC0-301F-11D3-BF4B-00C04F79EFBC}") = "InterfaceSistemaRelatorio", "InterfaceSistemaRelatorio\InterfaceSistemaRelatorio.csproj", "{A4761874-7C38-479F-B08F-E27F6A9CDF7B}"
EndProject
Global
	GlobalSection(SolutionConfigurationPlatforms) = preSolution
		Debug|Any CPU = Debug|Any CPU
		Release|Any CPU = Release|Any CPU
	EndGlobalSection
	GlobalSection(ProjectConfigurationPlatforms) = postSolution
		{3DCCB06B-6843-456E-9974-CD86062E4FA8}.Debug|Any CPU.ActiveCfg = Debug|Any CPU
		{3DCCB06B-6843-456E-9974-CD86062E4FA8}.Debug|Any CPU.Build.0 = Debug|Any CPU
		{3DCCB06B-6843-456E-9974-CD86062E4FA8}.Release|Any CPU.ActiveCfg = Release|Any CPU
		{3DCCB06B-6843-456E-9974-CD86062E4FA8}.Release|Any CPU.Build.0 = Release|Any CPU
		{A4761874-7C38-479F-B08F-E27F6A9CDF7B}.Debug|Any CPU.ActiveCfg = Debug|Any CPU
		{A4761874-7C38-479F-B08F-E27F6A9CDF7B}.Debug|Any CPU.Build.0 = Debug|Any CPU
		{A4761874-7C38-479F-B08F-E27F6A9CDF7B}.Release|Any CPU.ActiveCfg = Release|Any CPU
		{A4761874-7C38-479F-B08F-E27F6A9CDF7B}.Release|Any CPU.Build.0 = Release|Any CPU
	EndGlobalSection
	GlobalSection(SolutionProperties) = preSolution
		HideSolutionNode = FALSE
	EndGlobalSection
	GlobalSection(ExtensibilityGlobals) = postSolution
		SolutionGuid = {B79516DE-A0B7-4EA4-BDBB-6F5EADE3FC20}
	EndGlobalSection
EndGlobal
