
Microsoft Visual Studio Solution File, Format Version 12.00
# Visual Studio Version 16
VisualStudioVersion = 16.0.29230.47
MinimumVisualStudioVersion = 10.0.40219.1
Project("{FAE04EC0-301F-11D3-BF4B-00C04F79EFBC}") = "SiteImc", "SiteImc\SiteImc.csproj", "{53054A30-AF43-4AED-A81E-C1C45AE65D93}"
EndProject
Global
	GlobalSection(SolutionConfigurationPlatforms) = preSolution
		Debug|Any CPU = Debug|Any CPU
		Release|Any CPU = Release|Any CPU
	EndGlobalSection
	GlobalSection(ProjectConfigurationPlatforms) = postSolution
		{53054A30-AF43-4AED-A81E-C1C45AE65D93}.Debug|Any CPU.ActiveCfg = Debug|Any CPU
		{53054A30-AF43-4AED-A81E-C1C45AE65D93}.Debug|Any CPU.Build.0 = Debug|Any CPU
		{53054A30-AF43-4AED-A81E-C1C45AE65D93}.Release|Any CPU.ActiveCfg = Release|Any CPU
		{53054A30-AF43-4AED-A81E-C1C45AE65D93}.Release|Any CPU.Build.0 = Release|Any CPU
	EndGlobalSection
	GlobalSection(SolutionProperties) = preSolution
		HideSolutionNode = FALSE
	EndGlobalSection
	GlobalSection(ExtensibilityGlobals) = postSolution
		SolutionGuid = {1BC68025-314F-4AAE-8B4D-CCF7C9F8399E}
	EndGlobalSection
EndGlobal
