
Microsoft Visual Studio Solution File, Format Version 12.00
# Visual Studio Version 16
VisualStudioVersion = 16.0.29230.47
MinimumVisualStudioVersion = 10.0.40219.1
Project("{FAE04EC0-301F-11D3-BF4B-00C04F79EFBC}") = "Flores", "Flores\Flores.csproj", "{9FF98693-F6FB-48C2-B827-C7171ACE0368}"
EndProject
Project("{FAE04EC0-301F-11D3-BF4B-00C04F79EFBC}") = "floricultura", "floricultura\floricultura.csproj", "{D91AABAD-7A8C-4969-A145-ABF7200279FD}"
EndProject
Global
	GlobalSection(SolutionConfigurationPlatforms) = preSolution
		Debug|Any CPU = Debug|Any CPU
		Release|Any CPU = Release|Any CPU
	EndGlobalSection
	GlobalSection(ProjectConfigurationPlatforms) = postSolution
		{9FF98693-F6FB-48C2-B827-C7171ACE0368}.Debug|Any CPU.ActiveCfg = Debug|Any CPU
		{9FF98693-F6FB-48C2-B827-C7171ACE0368}.Debug|Any CPU.Build.0 = Debug|Any CPU
		{9FF98693-F6FB-48C2-B827-C7171ACE0368}.Release|Any CPU.ActiveCfg = Release|Any CPU
		{9FF98693-F6FB-48C2-B827-C7171ACE0368}.Release|Any CPU.Build.0 = Release|Any CPU
		{D91AABAD-7A8C-4969-A145-ABF7200279FD}.Debug|Any CPU.ActiveCfg = Debug|Any CPU
		{D91AABAD-7A8C-4969-A145-ABF7200279FD}.Debug|Any CPU.Build.0 = Debug|Any CPU
		{D91AABAD-7A8C-4969-A145-ABF7200279FD}.Release|Any CPU.ActiveCfg = Release|Any CPU
		{D91AABAD-7A8C-4969-A145-ABF7200279FD}.Release|Any CPU.Build.0 = Release|Any CPU
	EndGlobalSection
	GlobalSection(SolutionProperties) = preSolution
		HideSolutionNode = FALSE
	EndGlobalSection
	GlobalSection(ExtensibilityGlobals) = postSolution
		SolutionGuid = {8A452145-C217-40D1-96EB-7FED38C92C3A}
	EndGlobalSection
EndGlobal
