
Microsoft Visual Studio Solution File, Format Version 12.00
# Visual Studio Version 16
VisualStudioVersion = 16.0.29230.47
MinimumVisualStudioVersion = 10.0.40219.1
Project("{FAE04EC0-301F-11D3-BF4B-00C04F79EFBC}") = "CalculandoIdade", "CalculandoIdade\CalculandoIdade.csproj", "{FF392649-BF05-4A59-A5A3-214E48D19F2C}"
EndProject
Global
	GlobalSection(SolutionConfigurationPlatforms) = preSolution
		Debug|Any CPU = Debug|Any CPU
		Release|Any CPU = Release|Any CPU
	EndGlobalSection
	GlobalSection(ProjectConfigurationPlatforms) = postSolution
		{FF392649-BF05-4A59-A5A3-214E48D19F2C}.Debug|Any CPU.ActiveCfg = Debug|Any CPU
		{FF392649-BF05-4A59-A5A3-214E48D19F2C}.Debug|Any CPU.Build.0 = Debug|Any CPU
		{FF392649-BF05-4A59-A5A3-214E48D19F2C}.Release|Any CPU.ActiveCfg = Release|Any CPU
		{FF392649-BF05-4A59-A5A3-214E48D19F2C}.Release|Any CPU.Build.0 = Release|Any CPU
	EndGlobalSection
	GlobalSection(SolutionProperties) = preSolution
		HideSolutionNode = FALSE
	EndGlobalSection
	GlobalSection(ExtensibilityGlobals) = postSolution
		SolutionGuid = {8603C628-22D9-4C3E-A789-B679DD2802C1}
	EndGlobalSection
EndGlobal
