
Microsoft Visual Studio Solution File, Format Version 12.00
# Visual Studio Version 16
VisualStudioVersion = 16.0.29230.47
MinimumVisualStudioVersion = 10.0.40219.1
Project("{FAE04EC0-301F-11D3-BF4B-00C04F79EFBC}") = "CodeFirstTest", "CodeFirstTest\CodeFirstTest.csproj", "{BA0241DD-D092-4203-93C3-35757AC84A12}"
EndProject
Global
	GlobalSection(SolutionConfigurationPlatforms) = preSolution
		Debug|Any CPU = Debug|Any CPU
		Release|Any CPU = Release|Any CPU
	EndGlobalSection
	GlobalSection(ProjectConfigurationPlatforms) = postSolution
		{BA0241DD-D092-4203-93C3-35757AC84A12}.Debug|Any CPU.ActiveCfg = Debug|Any CPU
		{BA0241DD-D092-4203-93C3-35757AC84A12}.Debug|Any CPU.Build.0 = Debug|Any CPU
		{BA0241DD-D092-4203-93C3-35757AC84A12}.Release|Any CPU.ActiveCfg = Release|Any CPU
		{BA0241DD-D092-4203-93C3-35757AC84A12}.Release|Any CPU.Build.0 = Release|Any CPU
	EndGlobalSection
	GlobalSection(SolutionProperties) = preSolution
		HideSolutionNode = FALSE
	EndGlobalSection
	GlobalSection(ExtensibilityGlobals) = postSolution
		SolutionGuid = {B388A75E-85C6-4EAE-8FD4-AD7C12C36A4F}
	EndGlobalSection
EndGlobal
