
Microsoft Visual Studio Solution File, Format Version 12.00
# Visual Studio Version 16
VisualStudioVersion = 16.0.29230.47
MinimumVisualStudioVersion = 10.0.40219.1
Project("{FAE04EC0-301F-11D3-BF4B-00C04F79EFBC}") = "LocacaoBiblioteca", "LocacaoBiblioteca\LocacaoBiblioteca.csproj", "{7A1EC67E-D39B-4C3D-82BB-E9058176C552}"
EndProject
Project("{FAE04EC0-301F-11D3-BF4B-00C04F79EFBC}") = "InterfaceBiblioteca", "InterfaceBiblioteca\InterfaceBiblioteca.csproj", "{4A057C90-9D27-4C0E-A10F-8D9E64670B43}"
EndProject
Global
	GlobalSection(SolutionConfigurationPlatforms) = preSolution
		Debug|Any CPU = Debug|Any CPU
		Release|Any CPU = Release|Any CPU
	EndGlobalSection
	GlobalSection(ProjectConfigurationPlatforms) = postSolution
		{7A1EC67E-D39B-4C3D-82BB-E9058176C552}.Debug|Any CPU.ActiveCfg = Debug|Any CPU
		{7A1EC67E-D39B-4C3D-82BB-E9058176C552}.Debug|Any CPU.Build.0 = Debug|Any CPU
		{7A1EC67E-D39B-4C3D-82BB-E9058176C552}.Release|Any CPU.ActiveCfg = Release|Any CPU
		{7A1EC67E-D39B-4C3D-82BB-E9058176C552}.Release|Any CPU.Build.0 = Release|Any CPU
		{4A057C90-9D27-4C0E-A10F-8D9E64670B43}.Debug|Any CPU.ActiveCfg = Debug|Any CPU
		{4A057C90-9D27-4C0E-A10F-8D9E64670B43}.Debug|Any CPU.Build.0 = Debug|Any CPU
		{4A057C90-9D27-4C0E-A10F-8D9E64670B43}.Release|Any CPU.ActiveCfg = Release|Any CPU
		{4A057C90-9D27-4C0E-A10F-8D9E64670B43}.Release|Any CPU.Build.0 = Release|Any CPU
	EndGlobalSection
	GlobalSection(SolutionProperties) = preSolution
		HideSolutionNode = FALSE
	EndGlobalSection
	GlobalSection(ExtensibilityGlobals) = postSolution
		SolutionGuid = {7A154F49-5EB5-4018-BCB8-986DDB9B21BE}
	EndGlobalSection
EndGlobal
