
Microsoft Visual Studio Solution File, Format Version 12.00
# Visual Studio Version 16
VisualStudioVersion = 16.0.29102.190
MinimumVisualStudioVersion = 10.0.40219.1
Project("{FAE04EC0-301F-11D3-BF4B-00C04F79EFBC}") = "CicloWhile", "CicloWhile\CicloWhile.csproj", "{181870E6-E042-4803-9809-5ACEA15D42A1}"
EndProject
Global
	GlobalSection(SolutionConfigurationPlatforms) = preSolution
		Debug|Any CPU = Debug|Any CPU
		Release|Any CPU = Release|Any CPU
	EndGlobalSection
	GlobalSection(ProjectConfigurationPlatforms) = postSolution
		{181870E6-E042-4803-9809-5ACEA15D42A1}.Debug|Any CPU.ActiveCfg = Debug|Any CPU
		{181870E6-E042-4803-9809-5ACEA15D42A1}.Debug|Any CPU.Build.0 = Debug|Any CPU
		{181870E6-E042-4803-9809-5ACEA15D42A1}.Release|Any CPU.ActiveCfg = Release|Any CPU
		{181870E6-E042-4803-9809-5ACEA15D42A1}.Release|Any CPU.Build.0 = Release|Any CPU
	EndGlobalSection
	GlobalSection(SolutionProperties) = preSolution
		HideSolutionNode = FALSE
	EndGlobalSection
	GlobalSection(ExtensibilityGlobals) = postSolution
		SolutionGuid = {68389113-FB24-443D-8C56-E10993E512B6}
	EndGlobalSection
EndGlobal
